
Microsoft Visual Studio Solution File, Format Version 12.00
# Visual Studio Version 16
VisualStudioVersion = 16.0.30503.244
MinimumVisualStudioVersion = 10.0.40219.1
Project("{FAE04EC0-301F-11D3-BF4B-00C04F79EFBC}") = "BluePrismConsoleApp", "BluePrismConsoleApp\BluePrismConsoleApp.csproj", "{428D427F-81D7-431B-840B-CE7BA8E2B11D}"
EndProject
Project("{FAE04EC0-301F-11D3-BF4B-00C04F79EFBC}") = "BluePrismConsoleApp.Tests", "BluePrismConsoleApp.Tests\BluePrismConsoleApp.Tests.csproj", "{E320BBD5-4277-4364-8D0E-C7F855EA3F8A}"
EndProject
Global
	GlobalSection(SolutionConfigurationPlatforms) = preSolution
		Debug|Any CPU = Debug|Any CPU
		Release|Any CPU = Release|Any CPU
	EndGlobalSection
	GlobalSection(ProjectConfigurationPlatforms) = postSolution
		{428D427F-81D7-431B-840B-CE7BA8E2B11D}.Debug|Any CPU.ActiveCfg = Debug|Any CPU
		{428D427F-81D7-431B-840B-CE7BA8E2B11D}.Debug|Any CPU.Build.0 = Debug|Any CPU
		{428D427F-81D7-431B-840B-CE7BA8E2B11D}.Release|Any CPU.ActiveCfg = Release|Any CPU
		{428D427F-81D7-431B-840B-CE7BA8E2B11D}.Release|Any CPU.Build.0 = Release|Any CPU
		{E320BBD5-4277-4364-8D0E-C7F855EA3F8A}.Debug|Any CPU.ActiveCfg = Debug|Any CPU
		{E320BBD5-4277-4364-8D0E-C7F855EA3F8A}.Debug|Any CPU.Build.0 = Debug|Any CPU
		{E320BBD5-4277-4364-8D0E-C7F855EA3F8A}.Release|Any CPU.ActiveCfg = Release|Any CPU
		{E320BBD5-4277-4364-8D0E-C7F855EA3F8A}.Release|Any CPU.Build.0 = Release|Any CPU
	EndGlobalSection
	GlobalSection(SolutionProperties) = preSolution
		HideSolutionNode = FALSE
	EndGlobalSection
	GlobalSection(ExtensibilityGlobals) = postSolution
		SolutionGuid = {260AA936-A9EC-4DD9-B0DF-945213431EC9}
	EndGlobalSection
EndGlobal
